
Microsoft Visual Studio Solution File, Format Version 12.00
# Visual Studio Version 17
VisualStudioVersion = 17.0.31903.59
MinimumVisualStudioVersion = 10.0.40219.1
Project("{2150E333-8FDC-42A3-9474-1A3956D46DE8}") = "src", "src", "{D284A335-ADD1-4CB6-85DB-86DF4A949DBB}"
EndProject
Project("{FAE04EC0-301F-11D3-BF4B-00C04F79EFBC}") = "BrainfuckToIL", "src\BrainfuckToIL\BrainfuckToIL.csproj", "{8638BD2D-8294-42BF-9BB2-C71235BCF7A5}"
EndProject
Project("{FAE04EC0-301F-11D3-BF4B-00C04F79EFBC}") = "BrainfuckToIL.Cli", "src\BrainfuckToIL.Cli\BrainfuckToIL.Cli.csproj", "{75B8868A-2C5D-4A7F-A5B1-8666B5053A44}"
EndProject
Project("{2150E333-8FDC-42A3-9474-1A3956D46DE8}") = "tests", "tests", "{721E8A99-EEBC-4C5A-874C-4F8E231DFEB9}"
EndProject
Project("{FAE04EC0-301F-11D3-BF4B-00C04F79EFBC}") = "BrainfuckToIL.Tests.Integration", "tests\BrainfuckToIL.Tests.Integration\BrainfuckToIL.Tests.Integration.csproj", "{81A7D91D-A7ED-46FA-B123-79E98C2D5C2F}"
EndProject
Project("{FAE04EC0-301F-11D3-BF4B-00C04F79EFBC}") = "BrainfuckToIL.Tests.Unit", "tests\BrainfuckToIL.Tests.Unit\BrainfuckToIL.Tests.Unit.csproj", "{BD855BBE-B72C-4477-8E3B-88991657D066}"
EndProject
Global
	GlobalSection(SolutionConfigurationPlatforms) = preSolution
		Debug|Any CPU = Debug|Any CPU
		Release|Any CPU = Release|Any CPU
		ToolDeploy|Any CPU = ToolDeploy|Any CPU
	EndGlobalSection
	GlobalSection(SolutionProperties) = preSolution
		HideSolutionNode = FALSE
	EndGlobalSection
	GlobalSection(ProjectConfigurationPlatforms) = postSolution
		{8638BD2D-8294-42BF-9BB2-C71235BCF7A5}.Debug|Any CPU.ActiveCfg = Debug|Any CPU
		{8638BD2D-8294-42BF-9BB2-C71235BCF7A5}.Debug|Any CPU.Build.0 = Debug|Any CPU
		{8638BD2D-8294-42BF-9BB2-C71235BCF7A5}.Release|Any CPU.ActiveCfg = Release|Any CPU
		{8638BD2D-8294-42BF-9BB2-C71235BCF7A5}.Release|Any CPU.Build.0 = Release|Any CPU
		{8638BD2D-8294-42BF-9BB2-C71235BCF7A5}.ToolDeploy|Any CPU.ActiveCfg = Release|Any CPU
		{8638BD2D-8294-42BF-9BB2-C71235BCF7A5}.ToolDeploy|Any CPU.Build.0 = Release|Any CPU
		{75B8868A-2C5D-4A7F-A5B1-8666B5053A44}.Debug|Any CPU.ActiveCfg = Debug|Any CPU
		{75B8868A-2C5D-4A7F-A5B1-8666B5053A44}.Debug|Any CPU.Build.0 = Debug|Any CPU
		{75B8868A-2C5D-4A7F-A5B1-8666B5053A44}.Release|Any CPU.ActiveCfg = Release|Any CPU
		{75B8868A-2C5D-4A7F-A5B1-8666B5053A44}.Release|Any CPU.Build.0 = Release|Any CPU
		{75B8868A-2C5D-4A7F-A5B1-8666B5053A44}.ToolDeploy|Any CPU.ActiveCfg = ToolDeploy|Any CPU
		{75B8868A-2C5D-4A7F-A5B1-8666B5053A44}.ToolDeploy|Any CPU.Build.0 = ToolDeploy|Any CPU
		{81A7D91D-A7ED-46FA-B123-79E98C2D5C2F}.Debug|Any CPU.ActiveCfg = Debug|Any CPU
		{81A7D91D-A7ED-46FA-B123-79E98C2D5C2F}.Debug|Any CPU.Build.0 = Debug|Any CPU
		{81A7D91D-A7ED-46FA-B123-79E98C2D5C2F}.Release|Any CPU.ActiveCfg = Release|Any CPU
		{81A7D91D-A7ED-46FA-B123-79E98C2D5C2F}.Release|Any CPU.Build.0 = Release|Any CPU
		{81A7D91D-A7ED-46FA-B123-79E98C2D5C2F}.ToolDeploy|Any CPU.ActiveCfg = Debug|Any CPU
		{81A7D91D-A7ED-46FA-B123-79E98C2D5C2F}.ToolDeploy|Any CPU.Build.0 = Debug|Any CPU
		{BD855BBE-B72C-4477-8E3B-88991657D066}.Debug|Any CPU.ActiveCfg = Debug|Any CPU
		{BD855BBE-B72C-4477-8E3B-88991657D066}.Debug|Any CPU.Build.0 = Debug|Any CPU
		{BD855BBE-B72C-4477-8E3B-88991657D066}.Release|Any CPU.ActiveCfg = Release|Any CPU
		{BD855BBE-B72C-4477-8E3B-88991657D066}.Release|Any CPU.Build.0 = Release|Any CPU
		{BD855BBE-B72C-4477-8E3B-88991657D066}.ToolDeploy|Any CPU.ActiveCfg = Debug|Any CPU
		{BD855BBE-B72C-4477-8E3B-88991657D066}.ToolDeploy|Any CPU.Build.0 = Debug|Any CPU
	EndGlobalSection
	GlobalSection(NestedProjects) = preSolution
		{8638BD2D-8294-42BF-9BB2-C71235BCF7A5} = {D284A335-ADD1-4CB6-85DB-86DF4A949DBB}
		{75B8868A-2C5D-4A7F-A5B1-8666B5053A44} = {D284A335-ADD1-4CB6-85DB-86DF4A949DBB}
		{81A7D91D-A7ED-46FA-B123-79E98C2D5C2F} = {721E8A99-EEBC-4C5A-874C-4F8E231DFEB9}
		{BD855BBE-B72C-4477-8E3B-88991657D066} = {721E8A99-EEBC-4C5A-874C-4F8E231DFEB9}
	EndGlobalSection
EndGlobal
